
Microsoft Visual Studio Solution File, Format Version 12.00
# Visual Studio Version 16
VisualStudioVersion = 16.0.30611.23
MinimumVisualStudioVersion = 15.0.26124.0
Project("{9A19103F-16F7-4668-BE54-9A1E7A4F7556}") = "catalog.api", "catalog.api\catalog.api.csproj", "{1F7349B0-CDA8-418B-BDD9-53EAC6D3DAEA}"
EndProject
Project("{FAE04EC0-301F-11D3-BF4B-00C04F79EFBC}") = "eshop.webapp", "eshop.webapp\eshop.webapp.csproj", "{9F4E79A0-8599-4357-B0D9-74EC736D3B76}"
EndProject
Global
	GlobalSection(SolutionConfigurationPlatforms) = preSolution
		Debug|Any CPU = Debug|Any CPU
		Debug|x64 = Debug|x64
		Debug|x86 = Debug|x86
		Release|Any CPU = Release|Any CPU
		Release|x64 = Release|x64
		Release|x86 = Release|x86
	EndGlobalSection
	GlobalSection(ProjectConfigurationPlatforms) = postSolution
		{1F7349B0-CDA8-418B-BDD9-53EAC6D3DAEA}.Debug|Any CPU.ActiveCfg = Debug|Any CPU
		{1F7349B0-CDA8-418B-BDD9-53EAC6D3DAEA}.Debug|Any CPU.Build.0 = Debug|Any CPU
		{1F7349B0-CDA8-418B-BDD9-53EAC6D3DAEA}.Debug|x64.ActiveCfg = Debug|Any CPU
		{1F7349B0-CDA8-418B-BDD9-53EAC6D3DAEA}.Debug|x64.Build.0 = Debug|Any CPU
		{1F7349B0-CDA8-418B-BDD9-53EAC6D3DAEA}.Debug|x86.ActiveCfg = Debug|Any CPU
		{1F7349B0-CDA8-418B-BDD9-53EAC6D3DAEA}.Debug|x86.Build.0 = Debug|Any CPU
		{1F7349B0-CDA8-418B-BDD9-53EAC6D3DAEA}.Release|Any CPU.ActiveCfg = Release|Any CPU
		{1F7349B0-CDA8-418B-BDD9-53EAC6D3DAEA}.Release|Any CPU.Build.0 = Release|Any CPU
		{1F7349B0-CDA8-418B-BDD9-53EAC6D3DAEA}.Release|x64.ActiveCfg = Release|Any CPU
		{1F7349B0-CDA8-418B-BDD9-53EAC6D3DAEA}.Release|x64.Build.0 = Release|Any CPU
		{1F7349B0-CDA8-418B-BDD9-53EAC6D3DAEA}.Release|x86.ActiveCfg = Release|Any CPU
		{1F7349B0-CDA8-418B-BDD9-53EAC6D3DAEA}.Release|x86.Build.0 = Release|Any CPU
		{9F4E79A0-8599-4357-B0D9-74EC736D3B76}.Debug|Any CPU.ActiveCfg = Debug|Any CPU
		{9F4E79A0-8599-4357-B0D9-74EC736D3B76}.Debug|Any CPU.Build.0 = Debug|Any CPU
		{9F4E79A0-8599-4357-B0D9-74EC736D3B76}.Debug|x64.ActiveCfg = Debug|Any CPU
		{9F4E79A0-8599-4357-B0D9-74EC736D3B76}.Debug|x64.Build.0 = Debug|Any CPU
		{9F4E79A0-8599-4357-B0D9-74EC736D3B76}.Debug|x86.ActiveCfg = Debug|Any CPU
		{9F4E79A0-8599-4357-B0D9-74EC736D3B76}.Debug|x86.Build.0 = Debug|Any CPU
		{9F4E79A0-8599-4357-B0D9-74EC736D3B76}.Release|Any CPU.ActiveCfg = Release|Any CPU
		{9F4E79A0-8599-4357-B0D9-74EC736D3B76}.Release|Any CPU.Build.0 = Release|Any CPU
		{9F4E79A0-8599-4357-B0D9-74EC736D3B76}.Release|x64.ActiveCfg = Release|Any CPU
		{9F4E79A0-8599-4357-B0D9-74EC736D3B76}.Release|x64.Build.0 = Release|Any CPU
		{9F4E79A0-8599-4357-B0D9-74EC736D3B76}.Release|x86.ActiveCfg = Release|Any CPU
		{9F4E79A0-8599-4357-B0D9-74EC736D3B76}.Release|x86.Build.0 = Release|Any CPU
	EndGlobalSection
	GlobalSection(SolutionProperties) = preSolution
		HideSolutionNode = FALSE
	EndGlobalSection
	GlobalSection(ExtensibilityGlobals) = postSolution
		SolutionGuid = {992923E1-C3FD-44DE-8791-6B7312558666}
	EndGlobalSection
EndGlobal
